<Solution>
  <Folder Name="/Dominio/">
    <Project Path="EcommerceDominio/EcommerceDominio.csproj" Id="ac1bb749-6a9f-441a-89a0-d51355f891f2" />
  </Folder>
  <Folder Name="/Negocio/">
    <Project Path="negocio/negocio.csproj" Id="dba183b2-7267-4a2f-9438-d707f7fb27b5" />
  </Folder>
  <Project Path="ecommerce-web/ecommerce-web.csproj" Id="4c020b8a-2559-4b2e-872f-86e131d5e0ee" />
</Solution>
